
Microsoft Visual Studio Solution File, Format Version 12.00
# Visual Studio Version 17
VisualStudioVersion = 17.0.31903.59
MinimumVisualStudioVersion = 10.0.40219.1
Project("{FAE04EC0-301F-11D3-BF4B-00C04F79EFBC}") = "Arreglos", "Arreglos\Arreglos.csproj", "{747CA414-7001-4DD4-8F66-1BAC3C4FBCA7}"
EndProject
Project("{FAE04EC0-301F-11D3-BF4B-00C04F79EFBC}") = "UsoArreglos", "UsoArreglos\UsoArreglos.csproj", "{DD3B3F32-C799-4BC2-810B-34FBAD4331F2}"
EndProject
Project("{FAE04EC0-301F-11D3-BF4B-00C04F79EFBC}") = "ArreglosNPruebas", "ArreglosNPruebas\ArreglosNPruebas.csproj", "{0A538627-E750-4CC0-8D9F-D15D9E4C7117}"
EndProject
Global
	GlobalSection(SolutionConfigurationPlatforms) = preSolution
		Debug|Any CPU = Debug|Any CPU
		Release|Any CPU = Release|Any CPU
	EndGlobalSection
	GlobalSection(SolutionProperties) = preSolution
		HideSolutionNode = FALSE
	EndGlobalSection
	GlobalSection(ProjectConfigurationPlatforms) = postSolution
		{747CA414-7001-4DD4-8F66-1BAC3C4FBCA7}.Debug|Any CPU.ActiveCfg = Debug|Any CPU
		{747CA414-7001-4DD4-8F66-1BAC3C4FBCA7}.Debug|Any CPU.Build.0 = Debug|Any CPU
		{747CA414-7001-4DD4-8F66-1BAC3C4FBCA7}.Release|Any CPU.ActiveCfg = Release|Any CPU
		{747CA414-7001-4DD4-8F66-1BAC3C4FBCA7}.Release|Any CPU.Build.0 = Release|Any CPU
		{DD3B3F32-C799-4BC2-810B-34FBAD4331F2}.Debug|Any CPU.ActiveCfg = Debug|Any CPU
		{DD3B3F32-C799-4BC2-810B-34FBAD4331F2}.Debug|Any CPU.Build.0 = Debug|Any CPU
		{DD3B3F32-C799-4BC2-810B-34FBAD4331F2}.Release|Any CPU.ActiveCfg = Release|Any CPU
		{DD3B3F32-C799-4BC2-810B-34FBAD4331F2}.Release|Any CPU.Build.0 = Release|Any CPU
		{0A538627-E750-4CC0-8D9F-D15D9E4C7117}.Debug|Any CPU.ActiveCfg = Debug|Any CPU
		{0A538627-E750-4CC0-8D9F-D15D9E4C7117}.Debug|Any CPU.Build.0 = Debug|Any CPU
		{0A538627-E750-4CC0-8D9F-D15D9E4C7117}.Release|Any CPU.ActiveCfg = Release|Any CPU
		{0A538627-E750-4CC0-8D9F-D15D9E4C7117}.Release|Any CPU.Build.0 = Release|Any CPU
	EndGlobalSection
EndGlobal
