
Microsoft Visual Studio Solution File, Format Version 12.00
# Visual Studio Version 17
VisualStudioVersion = 17.0.31903.59
MinimumVisualStudioVersion = 10.0.40219.1
Project("{FAE04EC0-301F-11D3-BF4B-00C04F79EFBC}") = "Notaciones", "Notaciones\Notaciones.csproj", "{C1E0B4DF-11AB-468C-8B55-3B4D35202F22}"
EndProject
Project("{FAE04EC0-301F-11D3-BF4B-00C04F79EFBC}") = "Calculadora", "Calculadora\Calculadora.csproj", "{F8CB88AB-6978-48F4-8D2F-001138AD33D9}"
EndProject
Project("{FAE04EC0-301F-11D3-BF4B-00C04F79EFBC}") = "PruebasNotaciones", "PruebasNotaciones\PruebasNotaciones.csproj", "{34D5628C-7D14-4A72-B66A-C873A057B29C}"
EndProject
Global
	GlobalSection(SolutionConfigurationPlatforms) = preSolution
		Debug|Any CPU = Debug|Any CPU
		Release|Any CPU = Release|Any CPU
	EndGlobalSection
	GlobalSection(SolutionProperties) = preSolution
		HideSolutionNode = FALSE
	EndGlobalSection
	GlobalSection(ProjectConfigurationPlatforms) = postSolution
		{C1E0B4DF-11AB-468C-8B55-3B4D35202F22}.Debug|Any CPU.ActiveCfg = Debug|Any CPU
		{C1E0B4DF-11AB-468C-8B55-3B4D35202F22}.Debug|Any CPU.Build.0 = Debug|Any CPU
		{C1E0B4DF-11AB-468C-8B55-3B4D35202F22}.Release|Any CPU.ActiveCfg = Release|Any CPU
		{C1E0B4DF-11AB-468C-8B55-3B4D35202F22}.Release|Any CPU.Build.0 = Release|Any CPU
		{F8CB88AB-6978-48F4-8D2F-001138AD33D9}.Debug|Any CPU.ActiveCfg = Debug|Any CPU
		{F8CB88AB-6978-48F4-8D2F-001138AD33D9}.Debug|Any CPU.Build.0 = Debug|Any CPU
		{F8CB88AB-6978-48F4-8D2F-001138AD33D9}.Release|Any CPU.ActiveCfg = Release|Any CPU
		{F8CB88AB-6978-48F4-8D2F-001138AD33D9}.Release|Any CPU.Build.0 = Release|Any CPU
		{34D5628C-7D14-4A72-B66A-C873A057B29C}.Debug|Any CPU.ActiveCfg = Debug|Any CPU
		{34D5628C-7D14-4A72-B66A-C873A057B29C}.Debug|Any CPU.Build.0 = Debug|Any CPU
		{34D5628C-7D14-4A72-B66A-C873A057B29C}.Release|Any CPU.ActiveCfg = Release|Any CPU
		{34D5628C-7D14-4A72-B66A-C873A057B29C}.Release|Any CPU.Build.0 = Release|Any CPU
	EndGlobalSection
EndGlobal
